
Microsoft Visual Studio Solution File, Format Version 12.00
# Visual Studio Version 17
VisualStudioVersion = 17.9.34622.214
MinimumVisualStudioVersion = 10.0.40219.1
Project("{FAE04EC0-301F-11D3-BF4B-00C04F79EFBC}") = "RapidPayAPI", "RapidPayAPI\RapidPayAPI.csproj", "{C8CA76BE-D344-4759-8E91-A539807A5905}"
EndProject
Global
	GlobalSection(SolutionConfigurationPlatforms) = preSolution
		Debug|Any CPU = Debug|Any CPU
		Release|Any CPU = Release|Any CPU
	EndGlobalSection
	GlobalSection(ProjectConfigurationPlatforms) = postSolution
		{C8CA76BE-D344-4759-8E91-A539807A5905}.Debug|Any CPU.ActiveCfg = Debug|Any CPU
		{C8CA76BE-D344-4759-8E91-A539807A5905}.Debug|Any CPU.Build.0 = Debug|Any CPU
		{C8CA76BE-D344-4759-8E91-A539807A5905}.Release|Any CPU.ActiveCfg = Release|Any CPU
		{C8CA76BE-D344-4759-8E91-A539807A5905}.Release|Any CPU.Build.0 = Release|Any CPU
	EndGlobalSection
	GlobalSection(SolutionProperties) = preSolution
		HideSolutionNode = FALSE
	EndGlobalSection
	GlobalSection(ExtensibilityGlobals) = postSolution
		SolutionGuid = {E8F27365-6BFD-4BFD-8A04-6076A178DC17}
	EndGlobalSection
EndGlobal
